
Microsoft Visual Studio Solution File, Format Version 12.00
# Visual Studio 14
VisualStudioVersion = 14.0.23107.0
MinimumVisualStudioVersion = 10.0.40219.1
Project("{F184B08F-C81C-45F6-A57F-5ABD9991F28F}") = "Overall", "CaseStudy3_Llaguno\Overall.vbproj", "{958D4F61-8498-4D67-B409-49000EA9F2B1}"
EndProject
Project("{F184B08F-C81C-45F6-A57F-5ABD9991F28F}") = "2", "2\2.vbproj", "{B28AF77A-8392-413F-B6AC-30312A518367}"
EndProject
Project("{F184B08F-C81C-45F6-A57F-5ABD9991F28F}") = "3", "3\3.vbproj", "{DE5A250F-E2F2-474E-9F8F-E848A7D6B66C}"
EndProject
Project("{F184B08F-C81C-45F6-A57F-5ABD9991F28F}") = "4 - TBC", "4\4 - TBC.vbproj", "{045D1C5A-E5A4-4003-898E-7902DEC010F8}"
EndProject
Project("{F184B08F-C81C-45F6-A57F-5ABD9991F28F}") = "5 - TBC", "5\5 - TBC.vbproj", "{98FE81CA-A547-448F-A89B-58E377D34203}"
EndProject
Project("{F184B08F-C81C-45F6-A57F-5ABD9991F28F}") = "6", "6\6.vbproj", "{B66BE021-3501-4230-9A0E-E20028459486}"
EndProject
Project("{F184B08F-C81C-45F6-A57F-5ABD9991F28F}") = "7", "7\7.vbproj", "{EBA69D7F-2B45-416B-810C-75D3447230D3}"
EndProject
Project("{F184B08F-C81C-45F6-A57F-5ABD9991F28F}") = "8", "8\8.vbproj", "{70CABB44-C372-4898-8616-803A404705EF}"
EndProject
Project("{F184B08F-C81C-45F6-A57F-5ABD9991F28F}") = "9", "9\9.vbproj", "{3A48B3D9-280E-4A08-BCB0-843961CF108E}"
EndProject
Project("{F184B08F-C81C-45F6-A57F-5ABD9991F28F}") = "10", "10\10.vbproj", "{D077A8D6-6A68-4E11-8200-B540B394A3CB}"
EndProject
Project("{F184B08F-C81C-45F6-A57F-5ABD9991F28F}") = "11 - TBC", "11\11 - TBC.vbproj", "{761258C7-A4D7-4794-910B-765B5B4EE924}"
EndProject
Project("{F184B08F-C81C-45F6-A57F-5ABD9991F28F}") = "12", "12\12.vbproj", "{EDCB5A54-33F3-4F28-8CB0-33D6C7D417EC}"
EndProject
Project("{F184B08F-C81C-45F6-A57F-5ABD9991F28F}") = "1", "1\1.vbproj", "{49618D20-BE2C-48D3-8425-613D1862A114}"
EndProject
Global
	GlobalSection(SolutionConfigurationPlatforms) = preSolution
		Debug|Any CPU = Debug|Any CPU
		Release|Any CPU = Release|Any CPU
	EndGlobalSection
	GlobalSection(ProjectConfigurationPlatforms) = postSolution
		{958D4F61-8498-4D67-B409-49000EA9F2B1}.Debug|Any CPU.ActiveCfg = Debug|Any CPU
		{958D4F61-8498-4D67-B409-49000EA9F2B1}.Debug|Any CPU.Build.0 = Debug|Any CPU
		{958D4F61-8498-4D67-B409-49000EA9F2B1}.Release|Any CPU.ActiveCfg = Release|Any CPU
		{958D4F61-8498-4D67-B409-49000EA9F2B1}.Release|Any CPU.Build.0 = Release|Any CPU
		{B28AF77A-8392-413F-B6AC-30312A518367}.Debug|Any CPU.ActiveCfg = Debug|Any CPU
		{B28AF77A-8392-413F-B6AC-30312A518367}.Debug|Any CPU.Build.0 = Debug|Any CPU
		{B28AF77A-8392-413F-B6AC-30312A518367}.Release|Any CPU.ActiveCfg = Release|Any CPU
		{B28AF77A-8392-413F-B6AC-30312A518367}.Release|Any CPU.Build.0 = Release|Any CPU
		{DE5A250F-E2F2-474E-9F8F-E848A7D6B66C}.Debug|Any CPU.ActiveCfg = Debug|Any CPU
		{DE5A250F-E2F2-474E-9F8F-E848A7D6B66C}.Debug|Any CPU.Build.0 = Debug|Any CPU
		{DE5A250F-E2F2-474E-9F8F-E848A7D6B66C}.Release|Any CPU.ActiveCfg = Release|Any CPU
		{DE5A250F-E2F2-474E-9F8F-E848A7D6B66C}.Release|Any CPU.Build.0 = Release|Any CPU
		{045D1C5A-E5A4-4003-898E-7902DEC010F8}.Debug|Any CPU.ActiveCfg = Debug|Any CPU
		{045D1C5A-E5A4-4003-898E-7902DEC010F8}.Debug|Any CPU.Build.0 = Debug|Any CPU
		{045D1C5A-E5A4-4003-898E-7902DEC010F8}.Release|Any CPU.ActiveCfg = Release|Any CPU
		{045D1C5A-E5A4-4003-898E-7902DEC010F8}.Release|Any CPU.Build.0 = Release|Any CPU
		{98FE81CA-A547-448F-A89B-58E377D34203}.Debug|Any CPU.ActiveCfg = Debug|Any CPU
		{98FE81CA-A547-448F-A89B-58E377D34203}.Debug|Any CPU.Build.0 = Debug|Any CPU
		{98FE81CA-A547-448F-A89B-58E377D34203}.Release|Any CPU.ActiveCfg = Release|Any CPU
		{98FE81CA-A547-448F-A89B-58E377D34203}.Release|Any CPU.Build.0 = Release|Any CPU
		{B66BE021-3501-4230-9A0E-E20028459486}.Debug|Any CPU.ActiveCfg = Debug|Any CPU
		{B66BE021-3501-4230-9A0E-E20028459486}.Debug|Any CPU.Build.0 = Debug|Any CPU
		{B66BE021-3501-4230-9A0E-E20028459486}.Release|Any CPU.ActiveCfg = Release|Any CPU
		{B66BE021-3501-4230-9A0E-E20028459486}.Release|Any CPU.Build.0 = Release|Any CPU
		{EBA69D7F-2B45-416B-810C-75D3447230D3}.Debug|Any CPU.ActiveCfg = Debug|Any CPU
		{EBA69D7F-2B45-416B-810C-75D3447230D3}.Debug|Any CPU.Build.0 = Debug|Any CPU
		{EBA69D7F-2B45-416B-810C-75D3447230D3}.Release|Any CPU.ActiveCfg = Release|Any CPU
		{EBA69D7F-2B45-416B-810C-75D3447230D3}.Release|Any CPU.Build.0 = Release|Any CPU
		{70CABB44-C372-4898-8616-803A404705EF}.Debug|Any CPU.ActiveCfg = Debug|Any CPU
		{70CABB44-C372-4898-8616-803A404705EF}.Debug|Any CPU.Build.0 = Debug|Any CPU
		{70CABB44-C372-4898-8616-803A404705EF}.Release|Any CPU.ActiveCfg = Release|Any CPU
		{70CABB44-C372-4898-8616-803A404705EF}.Release|Any CPU.Build.0 = Release|Any CPU
		{3A48B3D9-280E-4A08-BCB0-843961CF108E}.Debug|Any CPU.ActiveCfg = Debug|Any CPU
		{3A48B3D9-280E-4A08-BCB0-843961CF108E}.Debug|Any CPU.Build.0 = Debug|Any CPU
		{3A48B3D9-280E-4A08-BCB0-843961CF108E}.Release|Any CPU.ActiveCfg = Release|Any CPU
		{3A48B3D9-280E-4A08-BCB0-843961CF108E}.Release|Any CPU.Build.0 = Release|Any CPU
		{D077A8D6-6A68-4E11-8200-B540B394A3CB}.Debug|Any CPU.ActiveCfg = Debug|Any CPU
		{D077A8D6-6A68-4E11-8200-B540B394A3CB}.Debug|Any CPU.Build.0 = Debug|Any CPU
		{D077A8D6-6A68-4E11-8200-B540B394A3CB}.Release|Any CPU.ActiveCfg = Release|Any CPU
		{D077A8D6-6A68-4E11-8200-B540B394A3CB}.Release|Any CPU.Build.0 = Release|Any CPU
		{761258C7-A4D7-4794-910B-765B5B4EE924}.Debug|Any CPU.ActiveCfg = Debug|Any CPU
		{761258C7-A4D7-4794-910B-765B5B4EE924}.Debug|Any CPU.Build.0 = Debug|Any CPU
		{761258C7-A4D7-4794-910B-765B5B4EE924}.Release|Any CPU.ActiveCfg = Release|Any CPU
		{761258C7-A4D7-4794-910B-765B5B4EE924}.Release|Any CPU.Build.0 = Release|Any CPU
		{EDCB5A54-33F3-4F28-8CB0-33D6C7D417EC}.Debug|Any CPU.ActiveCfg = Debug|Any CPU
		{EDCB5A54-33F3-4F28-8CB0-33D6C7D417EC}.Debug|Any CPU.Build.0 = Debug|Any CPU
		{EDCB5A54-33F3-4F28-8CB0-33D6C7D417EC}.Release|Any CPU.ActiveCfg = Release|Any CPU
		{EDCB5A54-33F3-4F28-8CB0-33D6C7D417EC}.Release|Any CPU.Build.0 = Release|Any CPU
		{49618D20-BE2C-48D3-8425-613D1862A114}.Debug|Any CPU.ActiveCfg = Debug|Any CPU
		{49618D20-BE2C-48D3-8425-613D1862A114}.Debug|Any CPU.Build.0 = Debug|Any CPU
		{49618D20-BE2C-48D3-8425-613D1862A114}.Release|Any CPU.ActiveCfg = Release|Any CPU
		{49618D20-BE2C-48D3-8425-613D1862A114}.Release|Any CPU.Build.0 = Release|Any CPU
	EndGlobalSection
	GlobalSection(SolutionProperties) = preSolution
		HideSolutionNode = FALSE
	EndGlobalSection
EndGlobal
